
Microsoft Visual Studio Solution File, Format Version 12.00
# Visual Studio Version 16
VisualStudioVersion = 16.0.29911.84
MinimumVisualStudioVersion = 10.0.40219.1
Project("{9A19103F-16F7-4668-BE54-9A1E7A4F7556}") = "KoffieOfNie", "KoffieOfNie\KoffieOfNie.csproj", "{30E3AD6B-A681-467C-8DD7-194150B00D22}"
EndProject
Project("{9A19103F-16F7-4668-BE54-9A1E7A4F7556}") = "EFDataAccessLibrary", "BLL\EFDataAccessLibrary.csproj", "{EBDDAB02-F8C4-4BCB-B10F-DFC76E5ADBE3}"
EndProject
Global
	GlobalSection(SolutionConfigurationPlatforms) = preSolution
		Debug|Any CPU = Debug|Any CPU
		Release|Any CPU = Release|Any CPU
	EndGlobalSection
	GlobalSection(ProjectConfigurationPlatforms) = postSolution
		{30E3AD6B-A681-467C-8DD7-194150B00D22}.Debug|Any CPU.ActiveCfg = Debug|Any CPU
		{30E3AD6B-A681-467C-8DD7-194150B00D22}.Debug|Any CPU.Build.0 = Debug|Any CPU
		{30E3AD6B-A681-467C-8DD7-194150B00D22}.Release|Any CPU.ActiveCfg = Release|Any CPU
		{30E3AD6B-A681-467C-8DD7-194150B00D22}.Release|Any CPU.Build.0 = Release|Any CPU
		{EBDDAB02-F8C4-4BCB-B10F-DFC76E5ADBE3}.Debug|Any CPU.ActiveCfg = Debug|Any CPU
		{EBDDAB02-F8C4-4BCB-B10F-DFC76E5ADBE3}.Debug|Any CPU.Build.0 = Debug|Any CPU
		{EBDDAB02-F8C4-4BCB-B10F-DFC76E5ADBE3}.Release|Any CPU.ActiveCfg = Release|Any CPU
		{EBDDAB02-F8C4-4BCB-B10F-DFC76E5ADBE3}.Release|Any CPU.Build.0 = Release|Any CPU
	EndGlobalSection
	GlobalSection(SolutionProperties) = preSolution
		HideSolutionNode = FALSE
	EndGlobalSection
	GlobalSection(ExtensibilityGlobals) = postSolution
		SolutionGuid = {CAE25C5D-9313-442E-86BD-15B9E72C842F}
	EndGlobalSection
EndGlobal
